
Microsoft Visual Studio Solution File, Format Version 12.00
# Visual Studio Version 17
VisualStudioVersion = 17.6.33801.468
MinimumVisualStudioVersion = 10.0.40219.1
Project("{FAE04EC0-301F-11D3-BF4B-00C04F79EFBC}") = "PalindromeDescendant", "PalindromeDescendant\PalindromeDescendant.csproj", "{D94AF8C6-4BE2-42EC-94A1-39EB670E2468}"
EndProject
Global
	GlobalSection(SolutionConfigurationPlatforms) = preSolution
		Debug|Any CPU = Debug|Any CPU
		Release|Any CPU = Release|Any CPU
	EndGlobalSection
	GlobalSection(ProjectConfigurationPlatforms) = postSolution
		{D94AF8C6-4BE2-42EC-94A1-39EB670E2468}.Debug|Any CPU.ActiveCfg = Debug|Any CPU
		{D94AF8C6-4BE2-42EC-94A1-39EB670E2468}.Debug|Any CPU.Build.0 = Debug|Any CPU
		{D94AF8C6-4BE2-42EC-94A1-39EB670E2468}.Release|Any CPU.ActiveCfg = Release|Any CPU
		{D94AF8C6-4BE2-42EC-94A1-39EB670E2468}.Release|Any CPU.Build.0 = Release|Any CPU
	EndGlobalSection
	GlobalSection(SolutionProperties) = preSolution
		HideSolutionNode = FALSE
	EndGlobalSection
	GlobalSection(ExtensibilityGlobals) = postSolution
		SolutionGuid = {59EE49B3-6610-456B-AE79-4CF8A3119BE6}
	EndGlobalSection
EndGlobal
